
Microsoft Visual Studio Solution File, Format Version 12.00
Project("{FAE04EC0-301F-11D3-BF4B-00C04F79EFBC}") = "ServerFromScratch", "ServerFromScratch\ServerFromScratch.csproj", "{3F03E201-A735-400F-8E51-B1EDA9B9AF83}"
EndProject
Project("{FAE04EC0-301F-11D3-BF4B-00C04F79EFBC}") = "Server.ItSelf", "Server.ItSelf\Server.ItSelf.csproj", "{BC523E3E-D00E-45EF-8427-151553F614E5}"
EndProject
Global
	GlobalSection(SolutionConfigurationPlatforms) = preSolution
		Debug|Any CPU = Debug|Any CPU
		Release|Any CPU = Release|Any CPU
	EndGlobalSection
	GlobalSection(ProjectConfigurationPlatforms) = postSolution
		{3F03E201-A735-400F-8E51-B1EDA9B9AF83}.Debug|Any CPU.ActiveCfg = Debug|Any CPU
		{3F03E201-A735-400F-8E51-B1EDA9B9AF83}.Debug|Any CPU.Build.0 = Debug|Any CPU
		{3F03E201-A735-400F-8E51-B1EDA9B9AF83}.Release|Any CPU.ActiveCfg = Release|Any CPU
		{3F03E201-A735-400F-8E51-B1EDA9B9AF83}.Release|Any CPU.Build.0 = Release|Any CPU
		{BC523E3E-D00E-45EF-8427-151553F614E5}.Debug|Any CPU.ActiveCfg = Debug|Any CPU
		{BC523E3E-D00E-45EF-8427-151553F614E5}.Debug|Any CPU.Build.0 = Debug|Any CPU
		{BC523E3E-D00E-45EF-8427-151553F614E5}.Release|Any CPU.ActiveCfg = Release|Any CPU
		{BC523E3E-D00E-45EF-8427-151553F614E5}.Release|Any CPU.Build.0 = Release|Any CPU
	EndGlobalSection
EndGlobal
